
Microsoft Visual Studio Solution File, Format Version 12.00
# Visual Studio Version 16
VisualStudioVersion = 16.0.29613.14
MinimumVisualStudioVersion = 10.0.40219.1
Project("{9A19103F-16F7-4668-BE54-9A1E7A4F7556}") = "DMC.Plugins.RpyGpio", "DMC.plugins.RpyGpio\DMC.Plugins.RpyGpio.csproj", "{2A32CDF0-5B9F-4ADE-B3F0-0E0673003543}"
EndProject
Project("{9A19103F-16F7-4668-BE54-9A1E7A4F7556}") = "DMC.Invokers", "..\DMC.Invokers\DMC.Invokers\DMC.Invokers.csproj", "{8CD1613F-02CF-4DEE-BBA3-24F2F67D8ACF}"
EndProject
Project("{9A19103F-16F7-4668-BE54-9A1E7A4F7556}") = "rnet.lib", "..\rpy\rnet.lib\rnet.lib.csproj", "{DF4B7839-D880-47D2-BDEF-16C56873BAD8}"
EndProject
Project("{9A19103F-16F7-4668-BE54-9A1E7A4F7556}") = "NetXP.NetStandard.DependencyInjection", "..\NetXP\NetXP.NetStandard.DependencyInjection\NetXP.NetStandard.DependencyInjection.csproj", "{7366B24C-CB7C-4EC0-A188-837493385333}"
EndProject
Project("{9A19103F-16F7-4668-BE54-9A1E7A4F7556}") = "NetXP.NetStandard.DependencyInjection.Implementations.StructureMaps", "..\NetXP\NetXP.NetStandard.DependencyInjection.Implementations.StructureMaps\NetXP.NetStandard.DependencyInjection.Implementations.StructureMaps.csproj", "{BECA7FC2-1EAF-45A7-804F-69E350F67E2F}"
EndProject
Global
	GlobalSection(SolutionConfigurationPlatforms) = preSolution
		Debug_2|Any CPU = Debug_2|Any CPU
		Debug_Device|Any CPU = Debug_Device|Any CPU
		Debug_Manager|Any CPU = Debug_Manager|Any CPU
		Debug|Any CPU = Debug|Any CPU
		Release|Any CPU = Release|Any CPU
		Staging|Any CPU = Staging|Any CPU
		Testing|Any CPU = Testing|Any CPU
	EndGlobalSection
	GlobalSection(ProjectConfigurationPlatforms) = postSolution
		{2A32CDF0-5B9F-4ADE-B3F0-0E0673003543}.Debug_2|Any CPU.ActiveCfg = Debug|Any CPU
		{2A32CDF0-5B9F-4ADE-B3F0-0E0673003543}.Debug_2|Any CPU.Build.0 = Debug|Any CPU
		{2A32CDF0-5B9F-4ADE-B3F0-0E0673003543}.Debug_Device|Any CPU.ActiveCfg = Debug|Any CPU
		{2A32CDF0-5B9F-4ADE-B3F0-0E0673003543}.Debug_Device|Any CPU.Build.0 = Debug|Any CPU
		{2A32CDF0-5B9F-4ADE-B3F0-0E0673003543}.Debug_Manager|Any CPU.ActiveCfg = Debug|Any CPU
		{2A32CDF0-5B9F-4ADE-B3F0-0E0673003543}.Debug_Manager|Any CPU.Build.0 = Debug|Any CPU
		{2A32CDF0-5B9F-4ADE-B3F0-0E0673003543}.Debug|Any CPU.ActiveCfg = Debug|Any CPU
		{2A32CDF0-5B9F-4ADE-B3F0-0E0673003543}.Debug|Any CPU.Build.0 = Debug|Any CPU
		{2A32CDF0-5B9F-4ADE-B3F0-0E0673003543}.Release|Any CPU.ActiveCfg = Release|Any CPU
		{2A32CDF0-5B9F-4ADE-B3F0-0E0673003543}.Release|Any CPU.Build.0 = Release|Any CPU
		{2A32CDF0-5B9F-4ADE-B3F0-0E0673003543}.Staging|Any CPU.ActiveCfg = Release|Any CPU
		{2A32CDF0-5B9F-4ADE-B3F0-0E0673003543}.Staging|Any CPU.Build.0 = Release|Any CPU
		{2A32CDF0-5B9F-4ADE-B3F0-0E0673003543}.Testing|Any CPU.ActiveCfg = Release|Any CPU
		{2A32CDF0-5B9F-4ADE-B3F0-0E0673003543}.Testing|Any CPU.Build.0 = Release|Any CPU
		{8CD1613F-02CF-4DEE-BBA3-24F2F67D8ACF}.Debug_2|Any CPU.ActiveCfg = Debug|Any CPU
		{8CD1613F-02CF-4DEE-BBA3-24F2F67D8ACF}.Debug_2|Any CPU.Build.0 = Debug|Any CPU
		{8CD1613F-02CF-4DEE-BBA3-24F2F67D8ACF}.Debug_Device|Any CPU.ActiveCfg = Debug|Any CPU
		{8CD1613F-02CF-4DEE-BBA3-24F2F67D8ACF}.Debug_Device|Any CPU.Build.0 = Debug|Any CPU
		{8CD1613F-02CF-4DEE-BBA3-24F2F67D8ACF}.Debug_Manager|Any CPU.ActiveCfg = Debug|Any CPU
		{8CD1613F-02CF-4DEE-BBA3-24F2F67D8ACF}.Debug_Manager|Any CPU.Build.0 = Debug|Any CPU
		{8CD1613F-02CF-4DEE-BBA3-24F2F67D8ACF}.Debug|Any CPU.ActiveCfg = Debug|Any CPU
		{8CD1613F-02CF-4DEE-BBA3-24F2F67D8ACF}.Debug|Any CPU.Build.0 = Debug|Any CPU
		{8CD1613F-02CF-4DEE-BBA3-24F2F67D8ACF}.Release|Any CPU.ActiveCfg = Release|Any CPU
		{8CD1613F-02CF-4DEE-BBA3-24F2F67D8ACF}.Release|Any CPU.Build.0 = Release|Any CPU
		{8CD1613F-02CF-4DEE-BBA3-24F2F67D8ACF}.Staging|Any CPU.ActiveCfg = Debug|Any CPU
		{8CD1613F-02CF-4DEE-BBA3-24F2F67D8ACF}.Staging|Any CPU.Build.0 = Debug|Any CPU
		{8CD1613F-02CF-4DEE-BBA3-24F2F67D8ACF}.Testing|Any CPU.ActiveCfg = Release|Any CPU
		{8CD1613F-02CF-4DEE-BBA3-24F2F67D8ACF}.Testing|Any CPU.Build.0 = Release|Any CPU
		{DF4B7839-D880-47D2-BDEF-16C56873BAD8}.Debug_2|Any CPU.ActiveCfg = Debug|Any CPU
		{DF4B7839-D880-47D2-BDEF-16C56873BAD8}.Debug_2|Any CPU.Build.0 = Debug|Any CPU
		{DF4B7839-D880-47D2-BDEF-16C56873BAD8}.Debug_Device|Any CPU.ActiveCfg = Debug|Any CPU
		{DF4B7839-D880-47D2-BDEF-16C56873BAD8}.Debug_Device|Any CPU.Build.0 = Debug|Any CPU
		{DF4B7839-D880-47D2-BDEF-16C56873BAD8}.Debug_Manager|Any CPU.ActiveCfg = Debug|Any CPU
		{DF4B7839-D880-47D2-BDEF-16C56873BAD8}.Debug_Manager|Any CPU.Build.0 = Debug|Any CPU
		{DF4B7839-D880-47D2-BDEF-16C56873BAD8}.Debug|Any CPU.ActiveCfg = Debug|Any CPU
		{DF4B7839-D880-47D2-BDEF-16C56873BAD8}.Debug|Any CPU.Build.0 = Debug|Any CPU
		{DF4B7839-D880-47D2-BDEF-16C56873BAD8}.Release|Any CPU.ActiveCfg = Release|Any CPU
		{DF4B7839-D880-47D2-BDEF-16C56873BAD8}.Release|Any CPU.Build.0 = Release|Any CPU
		{DF4B7839-D880-47D2-BDEF-16C56873BAD8}.Staging|Any CPU.ActiveCfg = Staging|Any CPU
		{DF4B7839-D880-47D2-BDEF-16C56873BAD8}.Staging|Any CPU.Build.0 = Staging|Any CPU
		{DF4B7839-D880-47D2-BDEF-16C56873BAD8}.Testing|Any CPU.ActiveCfg = Staging|Any CPU
		{DF4B7839-D880-47D2-BDEF-16C56873BAD8}.Testing|Any CPU.Build.0 = Staging|Any CPU
		{7366B24C-CB7C-4EC0-A188-837493385333}.Debug_2|Any CPU.ActiveCfg = Debug|Any CPU
		{7366B24C-CB7C-4EC0-A188-837493385333}.Debug_2|Any CPU.Build.0 = Debug|Any CPU
		{7366B24C-CB7C-4EC0-A188-837493385333}.Debug_Device|Any CPU.ActiveCfg = Debug|Any CPU
		{7366B24C-CB7C-4EC0-A188-837493385333}.Debug_Device|Any CPU.Build.0 = Debug|Any CPU
		{7366B24C-CB7C-4EC0-A188-837493385333}.Debug_Manager|Any CPU.ActiveCfg = Debug|Any CPU
		{7366B24C-CB7C-4EC0-A188-837493385333}.Debug_Manager|Any CPU.Build.0 = Debug|Any CPU
		{7366B24C-CB7C-4EC0-A188-837493385333}.Debug|Any CPU.ActiveCfg = Debug|Any CPU
		{7366B24C-CB7C-4EC0-A188-837493385333}.Debug|Any CPU.Build.0 = Debug|Any CPU
		{7366B24C-CB7C-4EC0-A188-837493385333}.Release|Any CPU.ActiveCfg = Release|Any CPU
		{7366B24C-CB7C-4EC0-A188-837493385333}.Release|Any CPU.Build.0 = Release|Any CPU
		{7366B24C-CB7C-4EC0-A188-837493385333}.Staging|Any CPU.ActiveCfg = Debug|Any CPU
		{7366B24C-CB7C-4EC0-A188-837493385333}.Staging|Any CPU.Build.0 = Debug|Any CPU
		{7366B24C-CB7C-4EC0-A188-837493385333}.Testing|Any CPU.ActiveCfg = Debug|Any CPU
		{7366B24C-CB7C-4EC0-A188-837493385333}.Testing|Any CPU.Build.0 = Debug|Any CPU
		{BECA7FC2-1EAF-45A7-804F-69E350F67E2F}.Debug_2|Any CPU.ActiveCfg = Debug_2|Any CPU
		{BECA7FC2-1EAF-45A7-804F-69E350F67E2F}.Debug_2|Any CPU.Build.0 = Debug_2|Any CPU
		{BECA7FC2-1EAF-45A7-804F-69E350F67E2F}.Debug_Device|Any CPU.ActiveCfg = Debug_2|Any CPU
		{BECA7FC2-1EAF-45A7-804F-69E350F67E2F}.Debug_Device|Any CPU.Build.0 = Debug_2|Any CPU
		{BECA7FC2-1EAF-45A7-804F-69E350F67E2F}.Debug_Manager|Any CPU.ActiveCfg = Debug_Manager|Any CPU
		{BECA7FC2-1EAF-45A7-804F-69E350F67E2F}.Debug_Manager|Any CPU.Build.0 = Debug_Manager|Any CPU
		{BECA7FC2-1EAF-45A7-804F-69E350F67E2F}.Debug|Any CPU.ActiveCfg = Debug|Any CPU
		{BECA7FC2-1EAF-45A7-804F-69E350F67E2F}.Debug|Any CPU.Build.0 = Debug|Any CPU
		{BECA7FC2-1EAF-45A7-804F-69E350F67E2F}.Release|Any CPU.ActiveCfg = Release|Any CPU
		{BECA7FC2-1EAF-45A7-804F-69E350F67E2F}.Release|Any CPU.Build.0 = Release|Any CPU
		{BECA7FC2-1EAF-45A7-804F-69E350F67E2F}.Staging|Any CPU.ActiveCfg = Staging|Any CPU
		{BECA7FC2-1EAF-45A7-804F-69E350F67E2F}.Staging|Any CPU.Build.0 = Staging|Any CPU
		{BECA7FC2-1EAF-45A7-804F-69E350F67E2F}.Testing|Any CPU.ActiveCfg = Testing|Any CPU
		{BECA7FC2-1EAF-45A7-804F-69E350F67E2F}.Testing|Any CPU.Build.0 = Testing|Any CPU
	EndGlobalSection
	GlobalSection(SolutionProperties) = preSolution
		HideSolutionNode = FALSE
	EndGlobalSection
	GlobalSection(ExtensibilityGlobals) = postSolution
		SolutionGuid = {AB4FCB2A-C39C-4344-86EB-3E196E0F2FD1}
	EndGlobalSection
EndGlobal
